
Microsoft Visual Studio Solution File, Format Version 12.00
# Visual Studio Version 17
VisualStudioVersion = 17.9.34622.214
MinimumVisualStudioVersion = 10.0.40219.1
Project("{FAE04EC0-301F-11D3-BF4B-00C04F79EFBC}") = "TheMäklers", "TheMäklers\TheMäklers.csproj", "{52AD11D3-901C-404A-892D-6A0FEF443F7F}"
EndProject
Project("{FAE04EC0-301F-11D3-BF4B-00C04F79EFBC}") = "TheMäklersBlazor", "TheMäklersBlazor\TheMäklersBlazor.csproj", "{A7B6B8EC-0A7E-47D9-9EDE-2FF512E70612}"
EndProject
Global
	GlobalSection(SolutionConfigurationPlatforms) = preSolution
		Debug|Any CPU = Debug|Any CPU
		Release|Any CPU = Release|Any CPU
	EndGlobalSection
	GlobalSection(ProjectConfigurationPlatforms) = postSolution
		{52AD11D3-901C-404A-892D-6A0FEF443F7F}.Debug|Any CPU.ActiveCfg = Debug|Any CPU
		{52AD11D3-901C-404A-892D-6A0FEF443F7F}.Debug|Any CPU.Build.0 = Debug|Any CPU
		{52AD11D3-901C-404A-892D-6A0FEF443F7F}.Release|Any CPU.ActiveCfg = Release|Any CPU
		{52AD11D3-901C-404A-892D-6A0FEF443F7F}.Release|Any CPU.Build.0 = Release|Any CPU
		{A7B6B8EC-0A7E-47D9-9EDE-2FF512E70612}.Debug|Any CPU.ActiveCfg = Debug|Any CPU
		{A7B6B8EC-0A7E-47D9-9EDE-2FF512E70612}.Debug|Any CPU.Build.0 = Debug|Any CPU
		{A7B6B8EC-0A7E-47D9-9EDE-2FF512E70612}.Release|Any CPU.ActiveCfg = Release|Any CPU
		{A7B6B8EC-0A7E-47D9-9EDE-2FF512E70612}.Release|Any CPU.Build.0 = Release|Any CPU
	EndGlobalSection
	GlobalSection(SolutionProperties) = preSolution
		HideSolutionNode = FALSE
	EndGlobalSection
	GlobalSection(ExtensibilityGlobals) = postSolution
		SolutionGuid = {44768BD7-B349-4932-8315-46DE2BB5BC2F}
	EndGlobalSection
EndGlobal
